
Microsoft Visual Studio Solution File, Format Version 11.00
# Visual Studio 2010
Project("{FAE04EC0-301F-11D3-BF4B-00C04F79EFBC}") = "GPS final", "Assembly-CSharp.csproj", "{B57E9BDF-E635-56E7-36D1-DBEE09308F4D}"
EndProject
Project("{FAE04EC0-301F-11D3-BF4B-00C04F79EFBC}") = "GPS final", "Assembly-CSharp-Editor.csproj", "{A053DB03-5AD0-0C36-E861-553404AC4735}"
EndProject
Global
	GlobalSection(SolutionConfigurationPlatforms) = preSolution
		Debug|Any CPU = Debug|Any CPU
		Release|Any CPU = Release|Any CPU
	EndGlobalSection
	GlobalSection(ProjectConfigurationPlatforms) = postSolution
		{B57E9BDF-E635-56E7-36D1-DBEE09308F4D}.Debug|Any CPU.ActiveCfg = Debug|Any CPU
		{B57E9BDF-E635-56E7-36D1-DBEE09308F4D}.Debug|Any CPU.Build.0 = Debug|Any CPU
		{B57E9BDF-E635-56E7-36D1-DBEE09308F4D}.Release|Any CPU.ActiveCfg = Release|Any CPU
		{B57E9BDF-E635-56E7-36D1-DBEE09308F4D}.Release|Any CPU.Build.0 = Release|Any CPU
		{A053DB03-5AD0-0C36-E861-553404AC4735}.Debug|Any CPU.ActiveCfg = Debug|Any CPU
		{A053DB03-5AD0-0C36-E861-553404AC4735}.Debug|Any CPU.Build.0 = Debug|Any CPU
		{A053DB03-5AD0-0C36-E861-553404AC4735}.Release|Any CPU.ActiveCfg = Release|Any CPU
		{A053DB03-5AD0-0C36-E861-553404AC4735}.Release|Any CPU.Build.0 = Release|Any CPU
	EndGlobalSection
	GlobalSection(SolutionProperties) = preSolution
		HideSolutionNode = FALSE
	EndGlobalSection
	GlobalSection(MonoDevelopProperties) = preSolution
		StartupItem = Assembly-CSharp.csproj
	EndGlobalSection
EndGlobal
