
Microsoft Visual Studio Solution File, Format Version 11.00
# Visual Studio 2010
Project("{FAE04EC0-301F-11D3-BF4B-00C04F79EFBC}") = "VuforiaUnityMarker", "Assembly-CSharp.csproj", "{518C10EC-FEAA-C709-55C4-27A3EA1F8EAE}"
EndProject
Project("{FAE04EC0-301F-11D3-BF4B-00C04F79EFBC}") = "VuforiaUnityMarker", "Assembly-CSharp-Editor.csproj", "{18658B63-2A80-1A74-7F15-740AB6B9AE20}"
EndProject
Global
	GlobalSection(SolutionConfigurationPlatforms) = preSolution
		Debug|Any CPU = Debug|Any CPU
		Release|Any CPU = Release|Any CPU
	EndGlobalSection
	GlobalSection(ProjectConfigurationPlatforms) = postSolution
		{518C10EC-FEAA-C709-55C4-27A3EA1F8EAE}.Debug|Any CPU.ActiveCfg = Debug|Any CPU
		{518C10EC-FEAA-C709-55C4-27A3EA1F8EAE}.Debug|Any CPU.Build.0 = Debug|Any CPU
		{518C10EC-FEAA-C709-55C4-27A3EA1F8EAE}.Release|Any CPU.ActiveCfg = Release|Any CPU
		{518C10EC-FEAA-C709-55C4-27A3EA1F8EAE}.Release|Any CPU.Build.0 = Release|Any CPU
		{18658B63-2A80-1A74-7F15-740AB6B9AE20}.Debug|Any CPU.ActiveCfg = Debug|Any CPU
		{18658B63-2A80-1A74-7F15-740AB6B9AE20}.Debug|Any CPU.Build.0 = Debug|Any CPU
		{18658B63-2A80-1A74-7F15-740AB6B9AE20}.Release|Any CPU.ActiveCfg = Release|Any CPU
		{18658B63-2A80-1A74-7F15-740AB6B9AE20}.Release|Any CPU.Build.0 = Release|Any CPU
	EndGlobalSection
	GlobalSection(SolutionProperties) = preSolution
		HideSolutionNode = FALSE
	EndGlobalSection
	GlobalSection(MonoDevelopProperties) = preSolution
		StartupItem = Assembly-CSharp.csproj
	EndGlobalSection
EndGlobal
